// !$*UTF8*$!
{
	archiveVersion = 1;
	classes = {
	};
	objectVersion = 50;
	objects = {

/* Begin PBXBuildFile section */
		5C0BA02023FC0772001A546D /* IrisCenterLocator.cpp in Sources */ = {isa = PBXBuildFile; fileRef = 5C0BA01E23FC0772001A546D /* IrisCenterLocator.cpp */; };
		5C0BA02323FC0784001A546D /* IrisTemplateGeneration.cpp in Sources */ = {isa = PBXBuildFile; fileRef = 5C0BA02123FC0784001A546D /* IrisTemplateGeneration.cpp */; };
		5C0BA02623FC079D001A546D /* Debug.cpp in Sources */ = {isa = PBXBuildFile; fileRef = 5C0BA02423FC079D001A546D /* Debug.cpp */; };
		5C0BA02923FC07AE001A546D /* IrisCenterLocalizationPreProcess.cpp in Sources */ = {isa = PBXBuildFile; fileRef = 5C0BA02723FC07AE001A546D /* IrisCenterLocalizationPreProcess.cpp */; };
		5C0BA02D23FD0C96001A546D /* CVE_Image.cpp in Sources */ = {isa = PBXBuildFile; fileRef = 5C0BA02B23FD0C96001A546D /* CVE_Image.cpp */; };
		5C0BA03023FD3E4C001A546D /* CVE_Core.cpp in Sources */ = {isa = PBXBuildFile; fileRef = 5C0BA02E23FD3E4C001A546D /* CVE_Core.cpp */; };
		5C0BA03323FD5225001A546D /* CVE_Analysis.cpp in Sources */ = {isa = PBXBuildFile; fileRef = 5C0BA03123FD5225001A546D /* CVE_Analysis.cpp */; };
		5C6667B323CB858E0083283A /* libopencv_objdetect.3.4.9.dylib in Frameworks */ = {isa = PBXBuildFile; fileRef = 5C6667A123CB858E0083283A /* libopencv_objdetect.3.4.9.dylib */; };
		5C6667B423CB858E0083283A /* libopencv_dnn.3.4.9.dylib in Frameworks */ = {isa = PBXBuildFile; fileRef = 5C6667A223CB858E0083283A /* libopencv_dnn.3.4.9.dylib */; };
		5C6667B523CB858E0083283A /* libopencv_shape.3.4.9.dylib in Frameworks */ = {isa = PBXBuildFile; fileRef = 5C6667A323CB858E0083283A /* libopencv_shape.3.4.9.dylib */; };
		5C6667B623CB858E0083283A /* libopencv_videoio.3.4.9.dylib in Frameworks */ = {isa = PBXBuildFile; fileRef = 5C6667A423CB858E0083283A /* libopencv_videoio.3.4.9.dylib */; };
		5C6667B723CB858E0083283A /* libopencv_ts.a in Frameworks */ = {isa = PBXBuildFile; fileRef = 5C6667A523CB858E0083283A /* libopencv_ts.a */; };
		5C6667B823CB858E0083283A /* libopencv_imgcodecs.3.4.9.dylib in Frameworks */ = {isa = PBXBuildFile; fileRef = 5C6667A623CB858E0083283A /* libopencv_imgcodecs.3.4.9.dylib */; };
		5C6667B923CB858E0083283A /* libopencv_video.3.4.9.dylib in Frameworks */ = {isa = PBXBuildFile; fileRef = 5C6667A723CB858E0083283A /* libopencv_video.3.4.9.dylib */; };
		5C6667BA23CB858E0083283A /* libopencv_imgproc.3.4.9.dylib in Frameworks */ = {isa = PBXBuildFile; fileRef = 5C6667A823CB858E0083283A /* libopencv_imgproc.3.4.9.dylib */; };
		5C6667BB23CB858E0083283A /* libopencv_flann.3.4.9.dylib in Frameworks */ = {isa = PBXBuildFile; fileRef = 5C6667A923CB858E0083283A /* libopencv_flann.3.4.9.dylib */; };
		5C6667BC23CB858E0083283A /* libopencv_core.3.4.9.dylib in Frameworks */ = {isa = PBXBuildFile; fileRef = 5C6667AA23CB858E0083283A /* libopencv_core.3.4.9.dylib */; };
		5C6667BD23CB858E0083283A /* libopencv_superres.3.4.9.dylib in Frameworks */ = {isa = PBXBuildFile; fileRef = 5C6667AB23CB858E0083283A /* libopencv_superres.3.4.9.dylib */; };
		5C6667BE23CB858E0083283A /* libopencv_highgui.3.4.9.dylib in Frameworks */ = {isa = PBXBuildFile; fileRef = 5C6667AC23CB858E0083283A /* libopencv_highgui.3.4.9.dylib */; };
		5C6667BF23CB858E0083283A /* libopencv_features2d.3.4.9.dylib in Frameworks */ = {isa = PBXBuildFile; fileRef = 5C6667AD23CB858E0083283A /* libopencv_features2d.3.4.9.dylib */; };
		5C6667C023CB858E0083283A /* libopencv_ml.3.4.9.dylib in Frameworks */ = {isa = PBXBuildFile; fileRef = 5C6667AE23CB858E0083283A /* libopencv_ml.3.4.9.dylib */; };
		5C6667C123CB858E0083283A /* libopencv_photo.3.4.9.dylib in Frameworks */ = {isa = PBXBuildFile; fileRef = 5C6667AF23CB858E0083283A /* libopencv_photo.3.4.9.dylib */; };
		5C6667C223CB858E0083283A /* libopencv_videostab.3.4.9.dylib in Frameworks */ = {isa = PBXBuildFile; fileRef = 5C6667B023CB858E0083283A /* libopencv_videostab.3.4.9.dylib */; };
		5C6667C323CB858E0083283A /* libopencv_calib3d.3.4.9.dylib in Frameworks */ = {isa = PBXBuildFile; fileRef = 5C6667B123CB858E0083283A /* libopencv_calib3d.3.4.9.dylib */; };
		5C6667C423CB858E0083283A /* libopencv_stitching.3.4.9.dylib in Frameworks */ = {isa = PBXBuildFile; fileRef = 5C6667B223CB858E0083283A /* libopencv_stitching.3.4.9.dylib */; };
		5CADD6A123CB6A8900B6CCD8 /* main.cpp in Sources */ = {isa = PBXBuildFile; fileRef = 5CADD6A023CB6A8900B6CCD8 /* main.cpp */; };
/* End PBXBuildFile section */

/* Begin PBXCopyFilesBuildPhase section */
		5CADD69B23CB6A8900B6CCD8 /* Copy Files */ = {
			isa = PBXCopyFilesBuildPhase;
			buildActionMask = 2147483647;
			dstPath = /usr/share/man/man1/;
			dstSubfolderSpec = 0;
			files = (
			);
			name = "Copy Files";
			runOnlyForDeploymentPostprocessing = 1;
		};
/* End PBXCopyFilesBuildPhase section */

/* Begin PBXFileReference section */
		5C0BA01A23FC05E3001A546D /* OpenCVExtensions.h */ = {isa = PBXFileReference; lastKnownFileType = sourcecode.c.h; path = OpenCVExtensions.h; sourceTree = "<group>"; };
		5C0BA01E23FC0772001A546D /* IrisCenterLocator.cpp */ = {isa = PBXFileReference; lastKnownFileType = sourcecode.cpp.cpp; path = IrisCenterLocator.cpp; sourceTree = "<group>"; };
		5C0BA01F23FC0772001A546D /* IrisCenterLocator.hpp */ = {isa = PBXFileReference; lastKnownFileType = sourcecode.cpp.h; path = IrisCenterLocator.hpp; sourceTree = "<group>"; };
		5C0BA02123FC0784001A546D /* IrisTemplateGeneration.cpp */ = {isa = PBXFileReference; lastKnownFileType = sourcecode.cpp.cpp; path = IrisTemplateGeneration.cpp; sourceTree = "<group>"; };
		5C0BA02223FC0784001A546D /* IrisTemplateGeneration.hpp */ = {isa = PBXFileReference; lastKnownFileType = sourcecode.cpp.h; path = IrisTemplateGeneration.hpp; sourceTree = "<group>"; };
		5C0BA02423FC079D001A546D /* Debug.cpp */ = {isa = PBXFileReference; lastKnownFileType = sourcecode.cpp.cpp; path = Debug.cpp; sourceTree = "<group>"; };
		5C0BA02523FC079D001A546D /* Debug.hpp */ = {isa = PBXFileReference; lastKnownFileType = sourcecode.cpp.h; path = Debug.hpp; sourceTree = "<group>"; };
		5C0BA02723FC07AE001A546D /* IrisCenterLocalizationPreProcess.cpp */ = {isa = PBXFileReference; lastKnownFileType = sourcecode.cpp.cpp; path = IrisCenterLocalizationPreProcess.cpp; sourceTree = "<group>"; };
		5C0BA02823FC07AE001A546D /* IrisCenterLocalizationPreProcess.hpp */ = {isa = PBXFileReference; lastKnownFileType = sourcecode.cpp.h; path = IrisCenterLocalizationPreProcess.hpp; sourceTree = "<group>"; };
		5C0BA02B23FD0C96001A546D /* CVE_Image.cpp */ = {isa = PBXFileReference; lastKnownFileType = sourcecode.cpp.cpp; path = CVE_Image.cpp; sourceTree = "<group>"; };
		5C0BA02C23FD0C96001A546D /* CVE_Image.hpp */ = {isa = PBXFileReference; lastKnownFileType = sourcecode.cpp.h; path = CVE_Image.hpp; sourceTree = "<group>"; };
		5C0BA02E23FD3E4C001A546D /* CVE_Core.cpp */ = {isa = PBXFileReference; lastKnownFileType = sourcecode.cpp.cpp; path = CVE_Core.cpp; sourceTree = "<group>"; };
		5C0BA02F23FD3E4C001A546D /* CVE_Core.hpp */ = {isa = PBXFileReference; lastKnownFileType = sourcecode.cpp.h; path = CVE_Core.hpp; sourceTree = "<group>"; };
		5C0BA03123FD5225001A546D /* CVE_Analysis.cpp */ = {isa = PBXFileReference; lastKnownFileType = sourcecode.cpp.cpp; path = CVE_Analysis.cpp; sourceTree = "<group>"; };
		5C0BA03223FD5225001A546D /* CVE_Analysis.hpp */ = {isa = PBXFileReference; lastKnownFileType = sourcecode.cpp.h; path = CVE_Analysis.hpp; sourceTree = "<group>"; };
		5C66679F23CB85750083283A /* libs */ = {isa = PBXFileReference; lastKnownFileType = folder; path = libs; sourceTree = "<group>"; };
		5C6667A123CB858E0083283A /* libopencv_objdetect.3.4.9.dylib */ = {isa = PBXFileReference; lastKnownFileType = "compiled.mach-o.dylib"; name = libopencv_objdetect.3.4.9.dylib; path = libs/libopencv_objdetect.3.4.9.dylib; sourceTree = "<group>"; };
		5C6667A223CB858E0083283A /* libopencv_dnn.3.4.9.dylib */ = {isa = PBXFileReference; lastKnownFileType = "compiled.mach-o.dylib"; name = libopencv_dnn.3.4.9.dylib; path = libs/libopencv_dnn.3.4.9.dylib; sourceTree = "<group>"; };
		5C6667A323CB858E0083283A /* libopencv_shape.3.4.9.dylib */ = {isa = PBXFileReference; lastKnownFileType = "compiled.mach-o.dylib"; name = libopencv_shape.3.4.9.dylib; path = libs/libopencv_shape.3.4.9.dylib; sourceTree = "<group>"; };
		5C6667A423CB858E0083283A /* libopencv_videoio.3.4.9.dylib */ = {isa = PBXFileReference; lastKnownFileType = "compiled.mach-o.dylib"; name = libopencv_videoio.3.4.9.dylib; path = libs/libopencv_videoio.3.4.9.dylib; sourceTree = "<group>"; };
		5C6667A523CB858E0083283A /* libopencv_ts.a */ = {isa = PBXFileReference; lastKnownFileType = archive.ar; name = libopencv_ts.a; path = libs/libopencv_ts.a; sourceTree = "<group>"; };
		5C6667A623CB858E0083283A /* libopencv_imgcodecs.3.4.9.dylib */ = {isa = PBXFileReference; lastKnownFileType = "compiled.mach-o.dylib"; name = libopencv_imgcodecs.3.4.9.dylib; path = libs/libopencv_imgcodecs.3.4.9.dylib; sourceTree = "<group>"; };
		5C6667A723CB858E0083283A /* libopencv_video.3.4.9.dylib */ = {isa = PBXFileReference; lastKnownFileType = "compiled.mach-o.dylib"; name = libopencv_video.3.4.9.dylib; path = libs/libopencv_video.3.4.9.dylib; sourceTree = "<group>"; };
		5C6667A823CB858E0083283A /* libopencv_imgproc.3.4.9.dylib */ = {isa = PBXFileReference; lastKnownFileType = "compiled.mach-o.dylib"; name = libopencv_imgproc.3.4.9.dylib; path = libs/libopencv_imgproc.3.4.9.dylib; sourceTree = "<group>"; };
		5C6667A923CB858E0083283A /* libopencv_flann.3.4.9.dylib */ = {isa = PBXFileReference; lastKnownFileType = "compiled.mach-o.dylib"; name = libopencv_flann.3.4.9.dylib; path = libs/libopencv_flann.3.4.9.dylib; sourceTree = "<group>"; };
		5C6667AA23CB858E0083283A /* libopencv_core.3.4.9.dylib */ = {isa = PBXFileReference; lastKnownFileType = "compiled.mach-o.dylib"; name = libopencv_core.3.4.9.dylib; path = libs/libopencv_core.3.4.9.dylib; sourceTree = "<group>"; };
		5C6667AB23CB858E0083283A /* libopencv_superres.3.4.9.dylib */ = {isa = PBXFileReference; lastKnownFileType = "compiled.mach-o.dylib"; name = libopencv_superres.3.4.9.dylib; path = libs/libopencv_superres.3.4.9.dylib; sourceTree = "<group>"; };
		5C6667AC23CB858E0083283A /* libopencv_highgui.3.4.9.dylib */ = {isa = PBXFileReference; lastKnownFileType = "compiled.mach-o.dylib"; name = libopencv_highgui.3.4.9.dylib; path = libs/libopencv_highgui.3.4.9.dylib; sourceTree = "<group>"; };
		5C6667AD23CB858E0083283A /* libopencv_features2d.3.4.9.dylib */ = {isa = PBXFileReference; lastKnownFileType = "compiled.mach-o.dylib"; name = libopencv_features2d.3.4.9.dylib; path = libs/libopencv_features2d.3.4.9.dylib; sourceTree = "<group>"; };
		5C6667AE23CB858E0083283A /* libopencv_ml.3.4.9.dylib */ = {isa = PBXFileReference; lastKnownFileType = "compiled.mach-o.dylib"; name = libopencv_ml.3.4.9.dylib; path = libs/libopencv_ml.3.4.9.dylib; sourceTree = "<group>"; };
		5C6667AF23CB858E0083283A /* libopencv_photo.3.4.9.dylib */ = {isa = PBXFileReference; lastKnownFileType = "compiled.mach-o.dylib"; name = libopencv_photo.3.4.9.dylib; path = libs/libopencv_photo.3.4.9.dylib; sourceTree = "<group>"; };
		5C6667B023CB858E0083283A /* libopencv_videostab.3.4.9.dylib */ = {isa = PBXFileReference; lastKnownFileType = "compiled.mach-o.dylib"; name = libopencv_videostab.3.4.9.dylib; path = libs/libopencv_videostab.3.4.9.dylib; sourceTree = "<group>"; };
		5C6667B123CB858E0083283A /* libopencv_calib3d.3.4.9.dylib */ = {isa = PBXFileReference; lastKnownFileType = "compiled.mach-o.dylib"; name = libopencv_calib3d.3.4.9.dylib; path = libs/libopencv_calib3d.3.4.9.dylib; sourceTree = "<group>"; };
		5C6667B223CB858E0083283A /* libopencv_stitching.3.4.9.dylib */ = {isa = PBXFileReference; lastKnownFileType = "compiled.mach-o.dylib"; name = libopencv_stitching.3.4.9.dylib; path = libs/libopencv_stitching.3.4.9.dylib; sourceTree = "<group>"; };
		5CADD69D23CB6A8900B6CCD8 /* ImageCV */ = {isa = PBXFileReference; explicitFileType = "compiled.mach-o.executable"; includeInIndex = 0; path = ImageCV; sourceTree = BUILT_PRODUCTS_DIR; };
		5CADD6A023CB6A8900B6CCD8 /* main.cpp */ = {isa = PBXFileReference; lastKnownFileType = sourcecode.cpp.cpp; path = main.cpp; sourceTree = "<group>"; };
		5CADD6A823CB730B00B6CCD8 /* libopencv_features2d.4.2.0.dylib */ = {isa = PBXFileReference; lastKnownFileType = "compiled.mach-o.dylib"; name = libopencv_features2d.4.2.0.dylib; path = ../../../../../../usr/local/lib/libopencv_features2d.4.2.0.dylib; sourceTree = "<group>"; };
		5CADD6A923CB730B00B6CCD8 /* libopencv_ml.4.2.0.dylib */ = {isa = PBXFileReference; lastKnownFileType = "compiled.mach-o.dylib"; name = libopencv_ml.4.2.0.dylib; path = ../../../../../../usr/local/lib/libopencv_ml.4.2.0.dylib; sourceTree = "<group>"; };
		5CADD6AA23CB730B00B6CCD8 /* libopencv_dnn.4.2.0.dylib */ = {isa = PBXFileReference; lastKnownFileType = "compiled.mach-o.dylib"; name = libopencv_dnn.4.2.0.dylib; path = ../../../../../../usr/local/lib/libopencv_dnn.4.2.0.dylib; sourceTree = "<group>"; };
		5CADD6AB23CB730B00B6CCD8 /* libopencv_flann.4.2.0.dylib */ = {isa = PBXFileReference; lastKnownFileType = "compiled.mach-o.dylib"; name = libopencv_flann.4.2.0.dylib; path = ../../../../../../usr/local/lib/libopencv_flann.4.2.0.dylib; sourceTree = "<group>"; };
		5CADD6AC23CB730B00B6CCD8 /* libopencv_objdetect.4.2.0.dylib */ = {isa = PBXFileReference; lastKnownFileType = "compiled.mach-o.dylib"; name = libopencv_objdetect.4.2.0.dylib; path = ../../../../../../usr/local/lib/libopencv_objdetect.4.2.0.dylib; sourceTree = "<group>"; };
		5CADD6AD23CB730B00B6CCD8 /* libopencv_photo.4.2.0.dylib */ = {isa = PBXFileReference; lastKnownFileType = "compiled.mach-o.dylib"; name = libopencv_photo.4.2.0.dylib; path = ../../../../../../usr/local/lib/libopencv_photo.4.2.0.dylib; sourceTree = "<group>"; };
		5CADD6AE23CB730B00B6CCD8 /* libopencv_highgui.4.2.0.dylib */ = {isa = PBXFileReference; lastKnownFileType = "compiled.mach-o.dylib"; name = libopencv_highgui.4.2.0.dylib; path = ../../../../../../usr/local/lib/libopencv_highgui.4.2.0.dylib; sourceTree = "<group>"; };
		5CADD6AF23CB730B00B6CCD8 /* libopencv_imgcodecs.4.2.0.dylib */ = {isa = PBXFileReference; lastKnownFileType = "compiled.mach-o.dylib"; name = libopencv_imgcodecs.4.2.0.dylib; path = ../../../../../../usr/local/lib/libopencv_imgcodecs.4.2.0.dylib; sourceTree = "<group>"; };
		5CADD6B023CB730B00B6CCD8 /* libopencv_gapi.4.2.0.dylib */ = {isa = PBXFileReference; lastKnownFileType = "compiled.mach-o.dylib"; name = libopencv_gapi.4.2.0.dylib; path = ../../../../../../usr/local/lib/libopencv_gapi.4.2.0.dylib; sourceTree = "<group>"; };
		5CADD6B123CB730B00B6CCD8 /* libopencv_imgproc.4.2.0.dylib */ = {isa = PBXFileReference; lastKnownFileType = "compiled.mach-o.dylib"; name = libopencv_imgproc.4.2.0.dylib; path = ../../../../../../usr/local/lib/libopencv_imgproc.4.2.0.dylib; sourceTree = "<group>"; };
		5CADD6B223CB730B00B6CCD8 /* libopencv_video.4.2.0.dylib */ = {isa = PBXFileReference; lastKnownFileType = "compiled.mach-o.dylib"; name = libopencv_video.4.2.0.dylib; path = ../../../../../../usr/local/lib/libopencv_video.4.2.0.dylib; sourceTree = "<group>"; };
		5CADD6B323CB730B00B6CCD8 /* libopencv_stitching.4.2.0.dylib */ = {isa = PBXFileReference; lastKnownFileType = "compiled.mach-o.dylib"; name = libopencv_stitching.4.2.0.dylib; path = ../../../../../../usr/local/lib/libopencv_stitching.4.2.0.dylib; sourceTree = "<group>"; };
		5CADD6B423CB730B00B6CCD8 /* libopencv_calib3d.4.2.0.dylib */ = {isa = PBXFileReference; lastKnownFileType = "compiled.mach-o.dylib"; name = libopencv_calib3d.4.2.0.dylib; path = ../../../../../../usr/local/lib/libopencv_calib3d.4.2.0.dylib; sourceTree = "<group>"; };
		5CADD6B523CB730B00B6CCD8 /* libopencv_core.4.2.0.dylib */ = {isa = PBXFileReference; lastKnownFileType = "compiled.mach-o.dylib"; name = libopencv_core.4.2.0.dylib; path = ../../../../../../usr/local/lib/libopencv_core.4.2.0.dylib; sourceTree = "<group>"; };
		5CADD6B623CB730B00B6CCD8 /* libopencv_videoio.4.2.0.dylib */ = {isa = PBXFileReference; lastKnownFileType = "compiled.mach-o.dylib"; name = libopencv_videoio.4.2.0.dylib; path = ../../../../../../usr/local/lib/libopencv_videoio.4.2.0.dylib; sourceTree = "<group>"; };
/* End PBXFileReference section */

/* Begin PBXFrameworksBuildPhase section */
		5CADD69A23CB6A8900B6CCD8 /* Frameworks */ = {
			isa = PBXFrameworksBuildPhase;
			buildActionMask = 2147483647;
			files = (
				5C6667B323CB858E0083283A /* libopencv_objdetect.3.4.9.dylib in Frameworks */,
				5C6667B423CB858E0083283A /* libopencv_dnn.3.4.9.dylib in Frameworks */,
				5C6667B523CB858E0083283A /* libopencv_shape.3.4.9.dylib in Frameworks */,
				5C6667B623CB858E0083283A /* libopencv_videoio.3.4.9.dylib in Frameworks */,
				5C6667B723CB858E0083283A /* libopencv_ts.a in Frameworks */,
				5C6667B823CB858E0083283A /* libopencv_imgcodecs.3.4.9.dylib in Frameworks */,
				5C6667B923CB858E0083283A /* libopencv_video.3.4.9.dylib in Frameworks */,
				5C6667BA23CB858E0083283A /* libopencv_imgproc.3.4.9.dylib in Frameworks */,
				5C6667BB23CB858E0083283A /* libopencv_flann.3.4.9.dylib in Frameworks */,
				5C6667BC23CB858E0083283A /* libopencv_core.3.4.9.dylib in Frameworks */,
				5C6667BD23CB858E0083283A /* libopencv_superres.3.4.9.dylib in Frameworks */,
				5C6667BE23CB858E0083283A /* libopencv_highgui.3.4.9.dylib in Frameworks */,
				5C6667BF23CB858E0083283A /* libopencv_features2d.3.4.9.dylib in Frameworks */,
				5C6667C023CB858E0083283A /* libopencv_ml.3.4.9.dylib in Frameworks */,
				5C6667C123CB858E0083283A /* libopencv_photo.3.4.9.dylib in Frameworks */,
				5C6667C223CB858E0083283A /* libopencv_videostab.3.4.9.dylib in Frameworks */,
				5C6667C323CB858E0083283A /* libopencv_calib3d.3.4.9.dylib in Frameworks */,
				5C6667C423CB858E0083283A /* libopencv_stitching.3.4.9.dylib in Frameworks */,
			);
			runOnlyForDeploymentPostprocessing = 0;
		};
/* End PBXFrameworksBuildPhase section */

/* Begin PBXGroup section */
		5C0BA02A23FD0C6E001A546D /* CVE */ = {
			isa = PBXGroup;
			children = (
				5C0BA02B23FD0C96001A546D /* CVE_Image.cpp */,
				5C0BA02C23FD0C96001A546D /* CVE_Image.hpp */,
				5C0BA02E23FD3E4C001A546D /* CVE_Core.cpp */,
				5C0BA02F23FD3E4C001A546D /* CVE_Core.hpp */,
				5C0BA03123FD5225001A546D /* CVE_Analysis.cpp */,
				5C0BA03223FD5225001A546D /* CVE_Analysis.hpp */,
			);
			path = CVE;
			sourceTree = "<group>";
		};
		5C66679E23CB84AD0083283A /* libs */ = {
			isa = PBXGroup;
			children = (
			);
			path = libs;
			sourceTree = "<group>";
		};
		5CADD69423CB6A8900B6CCD8 = {
			isa = PBXGroup;
			children = (
				5C66679E23CB84AD0083283A /* libs */,
				5CADD69F23CB6A8900B6CCD8 /* ImageCV */,
				5CADD69E23CB6A8900B6CCD8 /* Products */,
				5CADD6A723CB730B00B6CCD8 /* Frameworks */,
			);
			sourceTree = "<group>";
		};
		5CADD69E23CB6A8900B6CCD8 /* Products */ = {
			isa = PBXGroup;
			children = (
				5CADD69D23CB6A8900B6CCD8 /* ImageCV */,
			);
			name = Products;
			sourceTree = "<group>";
		};
		5CADD69F23CB6A8900B6CCD8 /* ImageCV */ = {
			isa = PBXGroup;
			children = (
				5C0BA02A23FD0C6E001A546D /* CVE */,
				5CADD6A023CB6A8900B6CCD8 /* main.cpp */,
				5C0BA01A23FC05E3001A546D /* OpenCVExtensions.h */,
				5C0BA01E23FC0772001A546D /* IrisCenterLocator.cpp */,
				5C0BA01F23FC0772001A546D /* IrisCenterLocator.hpp */,
				5C0BA02123FC0784001A546D /* IrisTemplateGeneration.cpp */,
				5C0BA02223FC0784001A546D /* IrisTemplateGeneration.hpp */,
				5C0BA02423FC079D001A546D /* Debug.cpp */,
				5C0BA02523FC079D001A546D /* Debug.hpp */,
				5C0BA02723FC07AE001A546D /* IrisCenterLocalizationPreProcess.cpp */,
				5C0BA02823FC07AE001A546D /* IrisCenterLocalizationPreProcess.hpp */,
			);
			path = ImageCV;
			sourceTree = "<group>";
		};
		5CADD6A723CB730B00B6CCD8 /* Frameworks */ = {
			isa = PBXGroup;
			children = (
				5C6667B123CB858E0083283A /* libopencv_calib3d.3.4.9.dylib */,
				5C6667AA23CB858E0083283A /* libopencv_core.3.4.9.dylib */,
				5C6667A223CB858E0083283A /* libopencv_dnn.3.4.9.dylib */,
				5C6667AD23CB858E0083283A /* libopencv_features2d.3.4.9.dylib */,
				5C6667A923CB858E0083283A /* libopencv_flann.3.4.9.dylib */,
				5C6667AC23CB858E0083283A /* libopencv_highgui.3.4.9.dylib */,
				5C6667A623CB858E0083283A /* libopencv_imgcodecs.3.4.9.dylib */,
				5C6667A823CB858E0083283A /* libopencv_imgproc.3.4.9.dylib */,
				5C6667AE23CB858E0083283A /* libopencv_ml.3.4.9.dylib */,
				5C6667A123CB858E0083283A /* libopencv_objdetect.3.4.9.dylib */,
				5C6667AF23CB858E0083283A /* libopencv_photo.3.4.9.dylib */,
				5C6667A323CB858E0083283A /* libopencv_shape.3.4.9.dylib */,
				5C6667B223CB858E0083283A /* libopencv_stitching.3.4.9.dylib */,
				5C6667AB23CB858E0083283A /* libopencv_superres.3.4.9.dylib */,
				5C6667A523CB858E0083283A /* libopencv_ts.a */,
				5C6667A723CB858E0083283A /* libopencv_video.3.4.9.dylib */,
				5C6667A423CB858E0083283A /* libopencv_videoio.3.4.9.dylib */,
				5C6667B023CB858E0083283A /* libopencv_videostab.3.4.9.dylib */,
				5C66679F23CB85750083283A /* libs */,
				5CADD6B423CB730B00B6CCD8 /* libopencv_calib3d.4.2.0.dylib */,
				5CADD6B523CB730B00B6CCD8 /* libopencv_core.4.2.0.dylib */,
				5CADD6AA23CB730B00B6CCD8 /* libopencv_dnn.4.2.0.dylib */,
				5CADD6A823CB730B00B6CCD8 /* libopencv_features2d.4.2.0.dylib */,
				5CADD6AB23CB730B00B6CCD8 /* libopencv_flann.4.2.0.dylib */,
				5CADD6B023CB730B00B6CCD8 /* libopencv_gapi.4.2.0.dylib */,
				5CADD6AE23CB730B00B6CCD8 /* libopencv_highgui.4.2.0.dylib */,
				5CADD6AF23CB730B00B6CCD8 /* libopencv_imgcodecs.4.2.0.dylib */,
				5CADD6B123CB730B00B6CCD8 /* libopencv_imgproc.4.2.0.dylib */,
				5CADD6A923CB730B00B6CCD8 /* libopencv_ml.4.2.0.dylib */,
				5CADD6AC23CB730B00B6CCD8 /* libopencv_objdetect.4.2.0.dylib */,
				5CADD6AD23CB730B00B6CCD8 /* libopencv_photo.4.2.0.dylib */,
				5CADD6B323CB730B00B6CCD8 /* libopencv_stitching.4.2.0.dylib */,
				5CADD6B223CB730B00B6CCD8 /* libopencv_video.4.2.0.dylib */,
				5CADD6B623CB730B00B6CCD8 /* libopencv_videoio.4.2.0.dylib */,
			);
			name = Frameworks;
			sourceTree = "<group>";
		};
/* End PBXGroup section */

/* Begin PBXNativeTarget section */
		5CADD69C23CB6A8900B6CCD8 /* ImageCV */ = {
			isa = PBXNativeTarget;
			buildConfigurationList = 5CADD6A423CB6A8900B6CCD8 /* Build configuration list for PBXNativeTarget "ImageCV" */;
			buildPhases = (
				5CADD69923CB6A8900B6CCD8 /* Sources */,
				5CADD69A23CB6A8900B6CCD8 /* Frameworks */,
				5CADD69B23CB6A8900B6CCD8 /* Copy Files */,
			);
			buildRules = (
			);
			dependencies = (
			);
			name = ImageCV;
			productName = ImageCV;
			productReference = 5CADD69D23CB6A8900B6CCD8 /* ImageCV */;
			productType = "com.apple.product-type.tool";
		};
/* End PBXNativeTarget section */

/* Begin PBXProject section */
		5CADD69523CB6A8900B6CCD8 /* Project object */ = {
			isa = PBXProject;
			attributes = {
				LastUpgradeCheck = 1130;
				ORGANIZATIONNAME = cunxie;
				TargetAttributes = {
					5CADD69C23CB6A8900B6CCD8 = {
						CreatedOnToolsVersion = 11.3;
					};
				};
			};
			buildConfigurationList = 5CADD69823CB6A8900B6CCD8 /* Build configuration list for PBXProject "ImageCV" */;
			compatibilityVersion = "Xcode 9.3";
			developmentRegion = en;
			hasScannedForEncodings = 0;
			knownRegions = (
				en,
				Base,
			);
			mainGroup = 5CADD69423CB6A8900B6CCD8;
			productRefGroup = 5CADD69E23CB6A8900B6CCD8 /* Products */;
			projectDirPath = "";
			projectRoot = "";
			targets = (
				5CADD69C23CB6A8900B6CCD8 /* ImageCV */,
			);
		};
/* End PBXProject section */

/* Begin PBXSourcesBuildPhase section */
		5CADD69923CB6A8900B6CCD8 /* Sources */ = {
			isa = PBXSourcesBuildPhase;
			buildActionMask = 2147483647;
			files = (
				5CADD6A123CB6A8900B6CCD8 /* main.cpp in Sources */,
				5C0BA02623FC079D001A546D /* Debug.cpp in Sources */,
				5C0BA02923FC07AE001A546D /* IrisCenterLocalizationPreProcess.cpp in Sources */,
				5C0BA03323FD5225001A546D /* CVE_Analysis.cpp in Sources */,
				5C0BA03023FD3E4C001A546D /* CVE_Core.cpp in Sources */,
				5C0BA02D23FD0C96001A546D /* CVE_Image.cpp in Sources */,
				5C0BA02023FC0772001A546D /* IrisCenterLocator.cpp in Sources */,
				5C0BA02323FC0784001A546D /* IrisTemplateGeneration.cpp in Sources */,
			);
			runOnlyForDeploymentPostprocessing = 0;
		};
/* End PBXSourcesBuildPhase section */

/* Begin XCBuildConfiguration section */
		5CADD6A223CB6A8900B6CCD8 /* Debug */ = {
			isa = XCBuildConfiguration;
			buildSettings = {
				ALWAYS_SEARCH_USER_PATHS = NO;
				CLANG_ANALYZER_NONNULL = YES;
				CLANG_ANALYZER_NUMBER_OBJECT_CONVERSION = YES_AGGRESSIVE;
				CLANG_CXX_LANGUAGE_STANDARD = "gnu++14";
				CLANG_CXX_LIBRARY = "libc++";
				CLANG_ENABLE_MODULES = YES;
				CLANG_ENABLE_OBJC_ARC = YES;
				CLANG_ENABLE_OBJC_WEAK = YES;
				CLANG_WARN_BLOCK_CAPTURE_AUTORELEASING = YES;
				CLANG_WARN_BOOL_CONVERSION = YES;
				CLANG_WARN_COMMA = YES;
				CLANG_WARN_CONSTANT_CONVERSION = YES;
				CLANG_WARN_DEPRECATED_OBJC_IMPLEMENTATIONS = YES;
				CLANG_WARN_DIRECT_OBJC_ISA_USAGE = YES_ERROR;
				CLANG_WARN_DOCUMENTATION_COMMENTS = YES;
				CLANG_WARN_EMPTY_BODY = YES;
				CLANG_WARN_ENUM_CONVERSION = YES;
				CLANG_WARN_INFINITE_RECURSION = YES;
				CLANG_WARN_INT_CONVERSION = YES;
				CLANG_WARN_NON_LITERAL_NULL_CONVERSION = YES;
				CLANG_WARN_OBJC_IMPLICIT_RETAIN_SELF = YES;
				CLANG_WARN_OBJC_LITERAL_CONVERSION = YES;
				CLANG_WARN_OBJC_ROOT_CLASS = YES_ERROR;
				CLANG_WARN_RANGE_LOOP_ANALYSIS = YES;
				CLANG_WARN_STRICT_PROTOTYPES = YES;
				CLANG_WARN_SUSPICIOUS_MOVE = YES;
				CLANG_WARN_UNGUARDED_AVAILABILITY = YES_AGGRESSIVE;
				CLANG_WARN_UNREACHABLE_CODE = YES;
				CLANG_WARN__DUPLICATE_METHOD_MATCH = YES;
				COPY_PHASE_STRIP = NO;
				DEBUG_INFORMATION_FORMAT = dwarf;
				ENABLE_STRICT_OBJC_MSGSEND = YES;
				ENABLE_TESTABILITY = YES;
				GCC_C_LANGUAGE_STANDARD = gnu11;
				GCC_DYNAMIC_NO_PIC = NO;
				GCC_NO_COMMON_BLOCKS = YES;
				GCC_OPTIMIZATION_LEVEL = 0;
				GCC_PREPROCESSOR_DEFINITIONS = (
					"DEBUG=1",
					"$(inherited)",
				);
				GCC_WARN_64_TO_32_BIT_CONVERSION = YES;
				GCC_WARN_ABOUT_RETURN_TYPE = YES_ERROR;
				GCC_WARN_UNDECLARED_SELECTOR = YES;
				GCC_WARN_UNINITIALIZED_AUTOS = YES_AGGRESSIVE;
				GCC_WARN_UNUSED_FUNCTION = YES;
				GCC_WARN_UNUSED_VARIABLE = YES;
				MACOSX_DEPLOYMENT_TARGET = 10.15;
				MTL_ENABLE_DEBUG_INFO = INCLUDE_SOURCE;
				MTL_FAST_MATH = YES;
				ONLY_ACTIVE_ARCH = YES;
				SDKROOT = macosx;
			};
			name = Debug;
		};
		5CADD6A323CB6A8900B6CCD8 /* Release */ = {
			isa = XCBuildConfiguration;
			buildSettings = {
				ALWAYS_SEARCH_USER_PATHS = NO;
				CLANG_ANALYZER_NONNULL = YES;
				CLANG_ANALYZER_NUMBER_OBJECT_CONVERSION = YES_AGGRESSIVE;
				CLANG_CXX_LANGUAGE_STANDARD = "gnu++14";
				CLANG_CXX_LIBRARY = "libc++";
				CLANG_ENABLE_MODULES = YES;
				CLANG_ENABLE_OBJC_ARC = YES;
				CLANG_ENABLE_OBJC_WEAK = YES;
				CLANG_WARN_BLOCK_CAPTURE_AUTORELEASING = YES;
				CLANG_WARN_BOOL_CONVERSION = YES;
				CLANG_WARN_COMMA = YES;
				CLANG_WARN_CONSTANT_CONVERSION = YES;
				CLANG_WARN_DEPRECATED_OBJC_IMPLEMENTATIONS = YES;
				CLANG_WARN_DIRECT_OBJC_ISA_USAGE = YES_ERROR;
				CLANG_WARN_DOCUMENTATION_COMMENTS = YES;
				CLANG_WARN_EMPTY_BODY = YES;
				CLANG_WARN_ENUM_CONVERSION = YES;
				CLANG_WARN_INFINITE_RECURSION = YES;
				CLANG_WARN_INT_CONVERSION = YES;
				CLANG_WARN_NON_LITERAL_NULL_CONVERSION = YES;
				CLANG_WARN_OBJC_IMPLICIT_RETAIN_SELF = YES;
				CLANG_WARN_OBJC_LITERAL_CONVERSION = YES;
				CLANG_WARN_OBJC_ROOT_CLASS = YES_ERROR;
				CLANG_WARN_RANGE_LOOP_ANALYSIS = YES;
				CLANG_WARN_STRICT_PROTOTYPES = YES;
				CLANG_WARN_SUSPICIOUS_MOVE = YES;
				CLANG_WARN_UNGUARDED_AVAILABILITY = YES_AGGRESSIVE;
				CLANG_WARN_UNREACHABLE_CODE = YES;
				CLANG_WARN__DUPLICATE_METHOD_MATCH = YES;
				COPY_PHASE_STRIP = NO;
				DEBUG_INFORMATION_FORMAT = "dwarf-with-dsym";
				ENABLE_NS_ASSERTIONS = NO;
				ENABLE_STRICT_OBJC_MSGSEND = YES;
				GCC_C_LANGUAGE_STANDARD = gnu11;
				GCC_NO_COMMON_BLOCKS = YES;
				GCC_WARN_64_TO_32_BIT_CONVERSION = YES;
				GCC_WARN_ABOUT_RETURN_TYPE = YES_ERROR;
				GCC_WARN_UNDECLARED_SELECTOR = YES;
				GCC_WARN_UNINITIALIZED_AUTOS = YES_AGGRESSIVE;
				GCC_WARN_UNUSED_FUNCTION = YES;
				GCC_WARN_UNUSED_VARIABLE = YES;
				MACOSX_DEPLOYMENT_TARGET = 10.15;
				MTL_ENABLE_DEBUG_INFO = NO;
				MTL_FAST_MATH = YES;
				SDKROOT = macosx;
			};
			name = Release;
		};
		5CADD6A523CB6A8900B6CCD8 /* Debug */ = {
			isa = XCBuildConfiguration;
			buildSettings = {
				CODE_SIGN_STYLE = Automatic;
				HEADER_SEARCH_PATHS = /usr/local/include;
				LIBRARY_SEARCH_PATHS = (
					/usr/local/lib,
					"$(PROJECT_DIR)/libs",
				);
				PRODUCT_NAME = "$(TARGET_NAME)";
			};
			name = Debug;
		};
		5CADD6A623CB6A8900B6CCD8 /* Release */ = {
			isa = XCBuildConfiguration;
			buildSettings = {
				CODE_SIGN_STYLE = Automatic;
				HEADER_SEARCH_PATHS = /usr/local/include;
				LIBRARY_SEARCH_PATHS = (
					/usr/local/lib,
					"$(PROJECT_DIR)/libs",
				);
				PRODUCT_NAME = "$(TARGET_NAME)";
			};
			name = Release;
		};
/* End XCBuildConfiguration section */

/* Begin XCConfigurationList section */
		5CADD69823CB6A8900B6CCD8 /* Build configuration list for PBXProject "ImageCV" */ = {
			isa = XCConfigurationList;
			buildConfigurations = (
				5CADD6A223CB6A8900B6CCD8 /* Debug */,
				5CADD6A323CB6A8900B6CCD8 /* Release */,
			);
			defaultConfigurationIsVisible = 0;
			defaultConfigurationName = Release;
		};
		5CADD6A423CB6A8900B6CCD8 /* Build configuration list for PBXNativeTarget "ImageCV" */ = {
			isa = XCConfigurationList;
			buildConfigurations = (
				5CADD6A523CB6A8900B6CCD8 /* Debug */,
				5CADD6A623CB6A8900B6CCD8 /* Release */,
			);
			defaultConfigurationIsVisible = 0;
			defaultConfigurationName = Release;
		};
/* End XCConfigurationList section */
	};
	rootObject = 5CADD69523CB6A8900B6CCD8 /* Project object */;
}
